
Microsoft Visual Studio Solution File, Format Version 12.00
# Visual Studio Version 16
VisualStudioVersion = 16.0.30011.22
MinimumVisualStudioVersion = 10.0.40219.1
Project("{888888A0-9F3D-457C-B088-3A5042F75D52}") = "ML_Transit_Tweets_V3", "ML_Transit_Tweets_V3.pyproj", "{839B98AD-8DBB-48DA-93CA-A6754E33B6BE}"
EndProject
Global
	GlobalSection(SolutionConfigurationPlatforms) = preSolution
		Debug|Any CPU = Debug|Any CPU
		Release|Any CPU = Release|Any CPU
	EndGlobalSection
	GlobalSection(ProjectConfigurationPlatforms) = postSolution
		{839B98AD-8DBB-48DA-93CA-A6754E33B6BE}.Debug|Any CPU.ActiveCfg = Debug|Any CPU
		{839B98AD-8DBB-48DA-93CA-A6754E33B6BE}.Release|Any CPU.ActiveCfg = Release|Any CPU
	EndGlobalSection
	GlobalSection(SolutionProperties) = preSolution
		HideSolutionNode = FALSE
	EndGlobalSection
	GlobalSection(ExtensibilityGlobals) = postSolution
		SolutionGuid = {74DF6F8C-862B-40A8-94E5-0E954FE12017}
	EndGlobalSection
EndGlobal
